
Microsoft Visual Studio Solution File, Format Version 12.00
# Visual Studio Version 17
VisualStudioVersion = 17.13.35806.99 d17.13
MinimumVisualStudioVersion = 10.0.40219.1
Project("{FAE04EC0-301F-11D3-BF4B-00C04F79EFBC}") = "InvestInMe Mini Project", "InvestInMe Mini Project.csproj", "{FFD46BFE-D5EF-404D-8A04-1C18C198D301}"
EndProject
Global
	GlobalSection(SolutionConfigurationPlatforms) = preSolution
		Debug|Any CPU = Debug|Any CPU
		Release|Any CPU = Release|Any CPU
	EndGlobalSection
	GlobalSection(ProjectConfigurationPlatforms) = postSolution
		{FFD46BFE-D5EF-404D-8A04-1C18C198D301}.Debug|Any CPU.ActiveCfg = Debug|Any CPU
		{FFD46BFE-D5EF-404D-8A04-1C18C198D301}.Debug|Any CPU.Build.0 = Debug|Any CPU
		{FFD46BFE-D5EF-404D-8A04-1C18C198D301}.Release|Any CPU.ActiveCfg = Release|Any CPU
		{FFD46BFE-D5EF-404D-8A04-1C18C198D301}.Release|Any CPU.Build.0 = Release|Any CPU
	EndGlobalSection
	GlobalSection(SolutionProperties) = preSolution
		HideSolutionNode = FALSE
	EndGlobalSection
	GlobalSection(ExtensibilityGlobals) = postSolution
		SolutionGuid = {A875985C-2CFC-4E4D-ADBB-7CAA2D9BCB05}
	EndGlobalSection
EndGlobal
